
Microsoft Visual Studio Solution File, Format Version 12.00
# Visual Studio Version 17
VisualStudioVersion = 17.11.35312.102
MinimumVisualStudioVersion = 10.0.40219.1
Project("{FAE04EC0-301F-11D3-BF4B-00C04F79EFBC}") = "ConsoleApplication", "ConsoleApplication\ConsoleApplication.csproj", "{6C8A4830-7172-418C-9E96-63DA3DCC15E5}"
EndProject
Global
	GlobalSection(SolutionConfigurationPlatforms) = preSolution
		Debug|Any CPU = Debug|Any CPU
		Release|Any CPU = Release|Any CPU
	EndGlobalSection
	GlobalSection(ProjectConfigurationPlatforms) = postSolution
		{6C8A4830-7172-418C-9E96-63DA3DCC15E5}.Debug|Any CPU.ActiveCfg = Debug|Any CPU
		{6C8A4830-7172-418C-9E96-63DA3DCC15E5}.Debug|Any CPU.Build.0 = Debug|Any CPU
		{6C8A4830-7172-418C-9E96-63DA3DCC15E5}.Release|Any CPU.ActiveCfg = Release|Any CPU
		{6C8A4830-7172-418C-9E96-63DA3DCC15E5}.Release|Any CPU.Build.0 = Release|Any CPU
	EndGlobalSection
	GlobalSection(SolutionProperties) = preSolution
		HideSolutionNode = FALSE
	EndGlobalSection
	GlobalSection(ExtensibilityGlobals) = postSolution
		SolutionGuid = {044CD72E-EA30-4D00-84DB-519716118E71}
	EndGlobalSection
EndGlobal
